
Microsoft Visual Studio Solution File, Format Version 12.00
# Visual Studio 15
VisualStudioVersion = 15.0.27703.2035
MinimumVisualStudioVersion = 10.0.40219.1
Project("{FAE04EC0-301F-11D3-BF4B-00C04F79EFBC}") = "Iteration_2", "Iteration_2\Iteration_2.csproj", "{190FA27E-E6D2-42C3-A8E9-3996CFF2FEB5}"
EndProject
Project("{FAE04EC0-301F-11D3-BF4B-00C04F79EFBC}") = "MetroLibrary", "MetroLibrary\MetroLibrary.csproj", "{8407BD92-F6BC-4C01-9389-6AF00637D8BA}"
EndProject
Project("{FAE04EC0-301F-11D3-BF4B-00C04F79EFBC}") = "HelloWorld", "HelloWorld\HelloWorld.csproj", "{606121F6-1C62-41B9-B28D-09C0717262AA}"
EndProject
Project("{FAE04EC0-301F-11D3-BF4B-00C04F79EFBC}") = "MetroApp", "MetroApp\MetroApp.csproj", "{24B9EC72-E20F-4917-829A-D6A5792FB39D}"
EndProject
Global
	GlobalSection(SolutionConfigurationPlatforms) = preSolution
		Debug|Any CPU = Debug|Any CPU
		Release|Any CPU = Release|Any CPU
	EndGlobalSection
	GlobalSection(ProjectConfigurationPlatforms) = postSolution
		{190FA27E-E6D2-42C3-A8E9-3996CFF2FEB5}.Debug|Any CPU.ActiveCfg = Debug|Any CPU
		{190FA27E-E6D2-42C3-A8E9-3996CFF2FEB5}.Debug|Any CPU.Build.0 = Debug|Any CPU
		{190FA27E-E6D2-42C3-A8E9-3996CFF2FEB5}.Release|Any CPU.ActiveCfg = Release|Any CPU
		{190FA27E-E6D2-42C3-A8E9-3996CFF2FEB5}.Release|Any CPU.Build.0 = Release|Any CPU
		{8407BD92-F6BC-4C01-9389-6AF00637D8BA}.Debug|Any CPU.ActiveCfg = Debug|Any CPU
		{8407BD92-F6BC-4C01-9389-6AF00637D8BA}.Debug|Any CPU.Build.0 = Debug|Any CPU
		{8407BD92-F6BC-4C01-9389-6AF00637D8BA}.Release|Any CPU.ActiveCfg = Release|Any CPU
		{8407BD92-F6BC-4C01-9389-6AF00637D8BA}.Release|Any CPU.Build.0 = Release|Any CPU
		{606121F6-1C62-41B9-B28D-09C0717262AA}.Debug|Any CPU.ActiveCfg = Debug|Any CPU
		{606121F6-1C62-41B9-B28D-09C0717262AA}.Debug|Any CPU.Build.0 = Debug|Any CPU
		{606121F6-1C62-41B9-B28D-09C0717262AA}.Release|Any CPU.ActiveCfg = Release|Any CPU
		{606121F6-1C62-41B9-B28D-09C0717262AA}.Release|Any CPU.Build.0 = Release|Any CPU
		{24B9EC72-E20F-4917-829A-D6A5792FB39D}.Debug|Any CPU.ActiveCfg = Debug|Any CPU
		{24B9EC72-E20F-4917-829A-D6A5792FB39D}.Debug|Any CPU.Build.0 = Debug|Any CPU
		{24B9EC72-E20F-4917-829A-D6A5792FB39D}.Release|Any CPU.ActiveCfg = Release|Any CPU
		{24B9EC72-E20F-4917-829A-D6A5792FB39D}.Release|Any CPU.Build.0 = Release|Any CPU
	EndGlobalSection
	GlobalSection(SolutionProperties) = preSolution
		HideSolutionNode = FALSE
	EndGlobalSection
	GlobalSection(ExtensibilityGlobals) = postSolution
		SolutionGuid = {04FE1DB8-5768-40EB-9FC2-ACEA715513D8}
	EndGlobalSection
EndGlobal
